
Microsoft Visual Studio Solution File, Format Version 12.00
# Visual Studio Version 16
VisualStudioVersion = 16.0.31624.102
MinimumVisualStudioVersion = 10.0.40219.1
Project("{FAE04EC0-301F-11D3-BF4B-00C04F79EFBC}") = "ConsoleModMaker", "ConsoleModMaker.csproj", "{1494FB2F-7C2B-4C16-ABF4-FC60D222807E}"
EndProject
Global
	GlobalSection(SolutionConfigurationPlatforms) = preSolution
		Debug|Any CPU = Debug|Any CPU
		Release|Any CPU = Release|Any CPU
	EndGlobalSection
	GlobalSection(ProjectConfigurationPlatforms) = postSolution
		{1494FB2F-7C2B-4C16-ABF4-FC60D222807E}.Debug|Any CPU.ActiveCfg = Debug|Any CPU
		{1494FB2F-7C2B-4C16-ABF4-FC60D222807E}.Debug|Any CPU.Build.0 = Debug|Any CPU
		{1494FB2F-7C2B-4C16-ABF4-FC60D222807E}.Release|Any CPU.ActiveCfg = Release|Any CPU
		{1494FB2F-7C2B-4C16-ABF4-FC60D222807E}.Release|Any CPU.Build.0 = Release|Any CPU
	EndGlobalSection
	GlobalSection(SolutionProperties) = preSolution
		HideSolutionNode = FALSE
	EndGlobalSection
	GlobalSection(ExtensibilityGlobals) = postSolution
		SolutionGuid = {5CC96501-C6EA-4966-B13A-E86482E6896F}
	EndGlobalSection
EndGlobal
