
Microsoft Visual Studio Solution File, Format Version 12.00
# Visual Studio Version 16
VisualStudioVersion = 16.0.31624.102
MinimumVisualStudioVersion = 10.0.40219.1
Project("{FAE04EC0-301F-11D3-BF4B-00C04F79EFBC}") = "ModMaker", "ModMaker.csproj", "{3C7EB62B-945C-42FB-8404-1BBD7C62102F}"
EndProject
Global
	GlobalSection(SolutionConfigurationPlatforms) = preSolution
		Debug|Any CPU = Debug|Any CPU
		Release|Any CPU = Release|Any CPU
	EndGlobalSection
	GlobalSection(ProjectConfigurationPlatforms) = postSolution
		{3C7EB62B-945C-42FB-8404-1BBD7C62102F}.Debug|Any CPU.ActiveCfg = Debug|Any CPU
		{3C7EB62B-945C-42FB-8404-1BBD7C62102F}.Debug|Any CPU.Build.0 = Debug|Any CPU
		{3C7EB62B-945C-42FB-8404-1BBD7C62102F}.Release|Any CPU.ActiveCfg = Release|Any CPU
		{3C7EB62B-945C-42FB-8404-1BBD7C62102F}.Release|Any CPU.Build.0 = Release|Any CPU
	EndGlobalSection
	GlobalSection(SolutionProperties) = preSolution
		HideSolutionNode = FALSE
	EndGlobalSection
	GlobalSection(ExtensibilityGlobals) = postSolution
		SolutionGuid = {D6BEF18A-6D6C-45FD-932F-2D8EC7285867}
	EndGlobalSection
EndGlobal
